{
  "lockfileVersion": 1,
  "workspaces": {
    "": {
      "name": "test-bun-runtime",
      "dependencies": {
        "dedot": "^0.18.3",
        "hono": "^4.9.12",
      },
      "devDependencies": {
        "@dedot/chaintypes": "^0.164.0",
        "@types/bun": "latest",
      },
    },
  },
  "packages": {
    "@adraffy/ens-normalize": ["@adraffy/ens-normalize@1.11.1", "", {}, "sha512-nhCBV3quEgesuf7c7KYfperqSS14T8bYuvJ8PcLJp6znkZpFc0AuW4qBtr8eKVyPPe/8RSr7sglCWPU5eaxwKQ=="],

    "@dedot/api": ["@dedot/api@0.18.3", "", { "dependencies": { "@dedot/codecs": "0.18.3", "@dedot/providers": "0.18.3", "@dedot/runtime-specs": "0.18.3", "@dedot/shape": "0.18.3", "@dedot/storage": "0.18.3", "@dedot/types": "0.18.3", "@dedot/utils": "0.18.3" } }, "sha512-JfBv4bVAkQ/k/lexNCdCfszG3i+hmpLIgQ4wizCxS2mK9lvvfqPYMdSsHgDm3G/hvjxXSLRVRF8jbLeIwwk8EQ=="],

    "@dedot/chaintypes": ["@dedot/chaintypes@0.164.0", "", { "peerDependencies": { "dedot": ">=0.16.0" } }, "sha512-bAUFbJyyJK7TACVgSWTyfAk+1hD7joqtQTLo+sKA06cZa2k44f3RRPSI8dancea77EyTfKV4IkGdDGwqiIF9ew=="],

    "@dedot/cli": ["@dedot/cli@0.18.3", "", { "dependencies": { "@dedot/api": "0.18.3", "@dedot/codecs": "0.18.3", "@dedot/codegen": "0.18.3", "@polkadot-api/wasm-executor": "^0.1.2", "@polkadot/types-support": "^16.4.6", "ora": "^8.2.0", "yargs": "^17.7.2" }, "bin": { "dedot": "bin/dedot.mjs", "djs": "bin/dedot.mjs" } }, "sha512-xJmc+gDEzX9vBaL3U3m+BjYycIdzKr0d8Cebrl/FaWsIaOSizctwWqO22wKPZz1i+giHb2FqHgE/wARSxotVaQ=="],

    "@dedot/codecs": ["@dedot/codecs@0.18.3", "", { "dependencies": { "@dedot/shape": "0.18.3", "@dedot/utils": "0.18.3" } }, "sha512-eevD3O+UIxd+YNixoGaQFGgbKz8MzrnM4KF7pAtQmlS1cG2sEWssD2YK4zgUbAtg0kHDywtTMWgkluu+OpMwPw=="],

    "@dedot/codegen": ["@dedot/codegen@0.18.3", "", { "dependencies": { "@dedot/api": "0.18.3", "@dedot/codecs": "0.18.3", "@dedot/contracts": "0.18.3", "@dedot/providers": "0.18.3", "@dedot/runtime-specs": "0.18.3", "@dedot/shape": "0.18.3", "@dedot/types": "0.18.3", "@dedot/utils": "0.18.3", "handlebars": "^4.7.8", "prettier": "^3.6.2" } }, "sha512-V1FE8yr+aV0XRl2/JmaJhFkHNIwlO2hqjumtSyIqjnkivg0boCXyMdeKGAFBgNOv8uD6Wwm5BlCbPOkdGRVPbw=="],

    "@dedot/contracts": ["@dedot/contracts@0.18.3", "", { "dependencies": { "@dedot/api": "0.18.3", "@dedot/codecs": "0.18.3", "@dedot/types": "0.18.3", "@dedot/utils": "0.18.3", "viem": "^2.37.7" } }, "sha512-scVWEIbaL441mVppCXBVTk+SlQIKe+6YG85etmJYu4AoP7Be/dnv1TtiSY41N2IMmF1GkMVRXZJnFPCmpuoXkQ=="],

    "@dedot/merkleized-metadata": ["@dedot/merkleized-metadata@0.18.3", "", { "dependencies": { "@dedot/codecs": "0.18.3", "@dedot/shape": "0.18.3", "@dedot/utils": "0.18.3" } }, "sha512-1yYjCDJk+tRKTDhhApRaFK3UIEDQ8k3BELdAVzl0Fx8F0BnEpg9HctQqqH+kxVUmKxdohqxsr66ErYFIJ/NCoA=="],

    "@dedot/providers": ["@dedot/providers@0.18.3", "", { "dependencies": { "@dedot/utils": "0.18.3", "@polkadot/x-ws": "^13.5.6" } }, "sha512-DQw2SWx5+BzZby9bUKcQmxqQVIuAQ0Cz0wIHkhVNGNyBaTsGYd0TzlZr8EMuDV4v21JhxiTdTxQ+kpQdNWlEiw=="],

    "@dedot/runtime-specs": ["@dedot/runtime-specs@0.18.3", "", { "dependencies": { "@dedot/codecs": "0.18.3", "@dedot/shape": "0.18.3", "@dedot/types": "0.18.3" } }, "sha512-jN5Wqz5tzfrfuxcCMLMqGBxu4Mi+cV2sX2pjR9h6dLZac8fatIqdOry+LINNM+Y3Jw0bDX5IdM4ffi801OM6CQ=="],

    "@dedot/shape": ["@dedot/shape@0.18.3", "", { "dependencies": { "@dedot/utils": "0.18.3", "deshape": "^0.1.0" } }, "sha512-BbeWdSqh0/BHYBSwdXTxuIVQq6e0AJ8yyv8JV8cUn67X8OK925nDz1YVyd4ciGKvBKCe9deicaPbsI/hB4THzw=="],

    "@dedot/smoldot": ["@dedot/smoldot@0.18.3", "", { "dependencies": { "smoldot": "^2.0.39" } }, "sha512-7MwicllVrL4VdsclWzmbeUtTPrXkoEmuP2nuY6c8OrKaovTBr1Tt5JdFmSvrOc36PuDI7qluVpIK4/WqLc5c+A=="],

    "@dedot/storage": ["@dedot/storage@0.18.3", "", {}, "sha512-dMO4o4j9f4TI3FtDcAa8zHQk/VnGECSGwR9iatFlbjSQ8R8lY2AKuJ7wzal82LZUbTnMLkIVmIwNaNrTk50DEw=="],

    "@dedot/types": ["@dedot/types@0.18.3", "", { "dependencies": { "@dedot/codecs": "0.18.3", "@dedot/shape": "0.18.3", "@dedot/utils": "0.18.3" } }, "sha512-vCYFMFssCbZH1/lhDhaNBVgu90ydmD2uQiavuCkywM79/Y2Vta7v1nUskBJtP0YnjdOzWlH7O+aDjh2j2TF9EA=="],

    "@dedot/utils": ["@dedot/utils@0.18.3", "", { "dependencies": { "@noble/hashes": "^1.8.0", "@scure/base": "^1.2.6", "eventemitter3": "^5.0.1" } }, "sha512-xzEnEmehzHG68lr+1ajLKxsDXo+lauIpa536YwKU0Lh7KZlqaEr1Ks+F/9CFFPbMXUA4msLzJAshn7T+ScTQ4w=="],

    "@noble/ciphers": ["@noble/ciphers@1.3.0", "", {}, "sha512-2I0gnIVPtfnMw9ee9h1dJG7tp81+8Ob3OJb3Mv37rx5L40/b0i7djjCVvGOVqc9AEIQyvyu1i6ypKdFw8R8gQw=="],

    "@noble/curves": ["@noble/curves@1.9.1", "", { "dependencies": { "@noble/hashes": "1.8.0" } }, "sha512-k11yZxZg+t+gWvBbIswW0yoJlu8cHOC7dhunwOzoWH/mXGBiYyR4YY6hAEK/3EUs4UpB8la1RfdRpeGsFHkWsA=="],

    "@noble/hashes": ["@noble/hashes@1.8.0", "", {}, "sha512-jCs9ldd7NwzpgXDIf6P3+NrHh9/sD6CQdxHyjQI+h/6rDNo88ypBxxz45UDuZHz9r3tNz7N/VInSVoVdtXEI4A=="],

    "@polkadot-api/wasm-executor": ["@polkadot-api/wasm-executor@0.1.2", "", {}, "sha512-a5wGenltB3EFPdf72u8ewi6HsUg2qubUAf3ekJprZf24lTK3+w8a/GUF/y6r08LJF35MALZ32SAtLqtVTIOGnQ=="],

    "@polkadot/types-support": ["@polkadot/types-support@16.4.9", "", { "dependencies": { "@polkadot/util": "^13.5.7", "tslib": "^2.8.1" } }, "sha512-NiSGYEVeyXo/8a/O5kIEZDpHE6zrcZtFeyrWLIPtjbIV0PfuJzl1Bc0i8rGZWcn/ZdZjnSYg++l33sTb2GaJOQ=="],

    "@polkadot/util": ["@polkadot/util@13.5.7", "", { "dependencies": { "@polkadot/x-bigint": "13.5.7", "@polkadot/x-global": "13.5.7", "@polkadot/x-textdecoder": "13.5.7", "@polkadot/x-textencoder": "13.5.7", "@types/bn.js": "^5.1.6", "bn.js": "^5.2.1", "tslib": "^2.8.0" } }, "sha512-5Rhp6/FDI55iCJcGd/9bMQaF0E26OE+uZwz68JuRW75DW8v7zsN3bnjnVqk3KO/c4u5EgLSqbhXPuyW24BP1+Q=="],

    "@polkadot/x-bigint": ["@polkadot/x-bigint@13.5.7", "", { "dependencies": { "@polkadot/x-global": "13.5.7", "tslib": "^2.8.0" } }, "sha512-NbN4EPbMBhjOXoWj0BVcT49/obzusFWPKbSyBxbZi8ITBaIIgpncgcCfXY4rII6Fqh74khx9jdevWge/6ycepQ=="],

    "@polkadot/x-global": ["@polkadot/x-global@13.5.7", "", { "dependencies": { "tslib": "^2.8.0" } }, "sha512-TkBxLfeKtj0laCzXp2lvRhwSIeXSxIu7LAWpfAUW4SYNFQvtgIS0x0Bq70CUW3lcy0wqTrSG2cqzfnbomB0Djw=="],

    "@polkadot/x-textdecoder": ["@polkadot/x-textdecoder@13.5.7", "", { "dependencies": { "@polkadot/x-global": "13.5.7", "tslib": "^2.8.0" } }, "sha512-wjSj+T2pBA1uW9dDYriZMAv4WgXl5zcWblxwOsZd3V/qxifMSlSLAy0WeC+08DD6TXGQYCOU0uOALsDivkUDZA=="],

    "@polkadot/x-textencoder": ["@polkadot/x-textencoder@13.5.7", "", { "dependencies": { "@polkadot/x-global": "13.5.7", "tslib": "^2.8.0" } }, "sha512-h6RsGUY8ZZrfqsbojD1VqTqmXcojDSfbXQHhVcAWqgceeh9JOOw8Q6yzhv+KpPelqKq/map3bobJaebQ8QNTMw=="],

    "@polkadot/x-ws": ["@polkadot/x-ws@13.5.7", "", { "dependencies": { "@polkadot/x-global": "13.5.7", "tslib": "^2.8.0", "ws": "^8.18.0" } }, "sha512-ZdmFhL3gDMRxJXqN7a88BIU1sm2IgAFnn+jMcjjJXwP5qEuP9ejwPHQL0EFOw6sqtylfQUFuWvahvIZT7MbQ5g=="],

    "@scure/base": ["@scure/base@1.2.6", "", {}, "sha512-g/nm5FgUa//MCj1gV09zTJTaM6KBAHqLN907YVQqf7zC49+DcO4B1so4ZX07Ef10Twr6nuqYEH9GEggFXA4Fmg=="],

    "@scure/bip32": ["@scure/bip32@1.7.0", "", { "dependencies": { "@noble/curves": "~1.9.0", "@noble/hashes": "~1.8.0", "@scure/base": "~1.2.5" } }, "sha512-E4FFX/N3f4B80AKWp5dP6ow+flD1LQZo/w8UnLGYZO674jS6YnYeepycOOksv+vLPSpgN35wgKgy+ybfTb2SMw=="],

    "@scure/bip39": ["@scure/bip39@1.6.0", "", { "dependencies": { "@noble/hashes": "~1.8.0", "@scure/base": "~1.2.5" } }, "sha512-+lF0BbLiJNwVlev4eKelw1WWLaiKXw7sSl8T6FvBlWkdX+94aGJ4o8XjUdlyhTCjd8c+B3KT3JfS8P0bLRNU6A=="],

    "@types/bn.js": ["@types/bn.js@5.2.0", "", { "dependencies": { "@types/node": "*" } }, "sha512-DLbJ1BPqxvQhIGbeu8VbUC1DiAiahHtAYvA0ZEAa4P31F7IaArc8z3C3BRQdWX4mtLQuABG4yzp76ZrS02Ui1Q=="],

    "@types/bun": ["@types/bun@1.3.0", "", { "dependencies": { "bun-types": "1.3.0" } }, "sha512-+lAGCYjXjip2qY375xX/scJeVRmZ5cY0wyHYyCYxNcdEXrQ4AOe3gACgd4iQ8ksOslJtW4VNxBJ8llUwc3a6AA=="],

    "@types/node": ["@types/node@24.7.2", "", { "dependencies": { "undici-types": "~7.14.0" } }, "sha512-/NbVmcGTP+lj5oa4yiYxxeBjRivKQ5Ns1eSZeB99ExsEQ6rX5XYU1Zy/gGxY/ilqtD4Etx9mKyrPxZRetiahhA=="],

    "@types/react": ["@types/react@19.2.2", "", { "dependencies": { "csstype": "^3.0.2" } }, "sha512-6mDvHUFSjyT2B2yeNx2nUgMxh9LtOWvkhIU3uePn2I2oyNymUAX1NIsdgviM4CH+JSrp2D2hsMvJOkxY+0wNRA=="],

    "abitype": ["abitype@1.1.0", "", { "peerDependencies": { "typescript": ">=5.0.4", "zod": "^3.22.0 || ^4.0.0" }, "optionalPeers": ["typescript", "zod"] }, "sha512-6Vh4HcRxNMLA0puzPjM5GBgT4aAcFGKZzSgAXvuZ27shJP6NEpielTuqbBmZILR5/xd0PizkBGy5hReKz9jl5A=="],

    "ansi-regex": ["ansi-regex@6.2.2", "", {}, "sha512-Bq3SmSpyFHaWjPk8If9yc6svM8c56dB5BAtW4Qbw5jHTwwXXcTLoRMkpDJp6VL0XzlWaCHTXrkFURMYmD0sLqg=="],

    "ansi-styles": ["ansi-styles@4.3.0", "", { "dependencies": { "color-convert": "^2.0.1" } }, "sha512-zbB9rCJAT1rbjiVDb2hqKFHNYLxgtk8NURxZ3IZwD3F6NtxbXZQCnnSi1Lkx+IDohdPlFp222wVALIheZJQSEg=="],

    "bn.js": ["bn.js@5.2.2", "", {}, "sha512-v2YAxEmKaBLahNwE1mjp4WON6huMNeuDvagFZW+ASCuA/ku0bXR9hSMw0XpiqMoA3+rmnyck/tPRSFQkoC9Cuw=="],

    "bun-types": ["bun-types@1.3.0", "", { "dependencies": { "@types/node": "*" }, "peerDependencies": { "@types/react": "^19" } }, "sha512-u8X0thhx+yJ0KmkxuEo9HAtdfgCBaM/aI9K90VQcQioAmkVp3SG3FkwWGibUFz3WdXAdcsqOcbU40lK7tbHdkQ=="],

    "chalk": ["chalk@5.6.2", "", {}, "sha512-7NzBL0rN6fMUW+f7A6Io4h40qQlG+xGmtMxfbnH/K7TAtt8JQWVQK+6g0UXKMeVJoyV5EkkNsErQ8pVD3bLHbA=="],

    "cli-cursor": ["cli-cursor@5.0.0", "", { "dependencies": { "restore-cursor": "^5.0.0" } }, "sha512-aCj4O5wKyszjMmDT4tZj93kxyydN/K5zPWSCe6/0AV/AA1pqe5ZBIw0a2ZfPQV7lL5/yb5HsUreJ6UFAF1tEQw=="],

    "cli-spinners": ["cli-spinners@2.9.2", "", {}, "sha512-ywqV+5MmyL4E7ybXgKys4DugZbX0FC6LnwrhjuykIjnK9k8OQacQ7axGKnjDXWNhns0xot3bZI5h55H8yo9cJg=="],

    "cliui": ["cliui@8.0.1", "", { "dependencies": { "string-width": "^4.2.0", "strip-ansi": "^6.0.1", "wrap-ansi": "^7.0.0" } }, "sha512-BSeNnyus75C4//NQ9gQt1/csTXyo/8Sb+afLAkzAptFuMsod9HFokGNudZpi/oQV73hnVK+sR+5PVRMd+Dr7YQ=="],

    "color-convert": ["color-convert@2.0.1", "", { "dependencies": { "color-name": "~1.1.4" } }, "sha512-RRECPsj7iu/xb5oKYcsFHSppFNnsj/52OVTRKb4zP5onXwVF3zVmmToNcOfGC+CRDpfK/U584fMg38ZHCaElKQ=="],

    "color-name": ["color-name@1.1.4", "", {}, "sha512-dOy+3AuW3a2wNbZHIuMZpTcgjGuLU/uBL/ubcZF9OXbDo8ff4O8yVp5Bf0efS8uEoYo5q4Fx7dY9OgQGXgAsQA=="],

    "csstype": ["csstype@3.1.3", "", {}, "sha512-M1uQkMl8rQK/szD0LNhtqxIPLpimGm8sOBwU7lLnCpSbTyY3yeU1Vc7l4KT5zT4s/yOxHH5O7tIuuLOCnLADRw=="],

    "dedot": ["dedot@0.18.3", "", { "dependencies": { "@dedot/api": "0.18.3", "@dedot/cli": "0.18.3", "@dedot/codecs": "0.18.3", "@dedot/contracts": "0.18.3", "@dedot/merkleized-metadata": "0.18.3", "@dedot/providers": "0.18.3", "@dedot/runtime-specs": "0.18.3", "@dedot/shape": "0.18.3", "@dedot/smoldot": "0.18.3", "@dedot/types": "0.18.3", "@dedot/utils": "0.18.3", "smoldot": "^2.0.39" }, "bin": { "dedot": "bin/dedot.mjs", "djs": "bin/dedot.mjs" } }, "sha512-xfT/X4mwSjg/SiEHAfJYmHLKJ2iuJZgKU1viRxj4cv/glpGMcjN49w7nyDGgmdjTm2XRrE74POGYsm1fSnKJxQ=="],

    "deshape": ["deshape@0.1.0", "", {}, "sha512-6Z941WJcKPE2nMz2lqq5H3OlOAgxECQqOj/OtHluaqgM8ajKESt/vcexMkUw7JGzeuLVKXkGe7+vsCC71NC9SQ=="],

    "emoji-regex": ["emoji-regex@10.6.0", "", {}, "sha512-toUI84YS5YmxW219erniWD0CIVOo46xGKColeNQRgOzDorgBi1v4D71/OFzgD9GO2UGKIv1C3Sp8DAn0+j5w7A=="],

    "escalade": ["escalade@3.2.0", "", {}, "sha512-WUj2qlxaQtO4g6Pq5c29GTcWGDyd8itL8zTlipgECz3JesAiiOKotd8JU6otB3PACgG6xkJUyVhboMS+bje/jA=="],

    "eventemitter3": ["eventemitter3@5.0.1", "", {}, "sha512-GWkBvjiSZK87ELrYOSESUYeVIc9mvLLf/nXalMOS5dYrgZq9o5OVkbZAVM06CVxYsCwH9BDZFPlQTlPA1j4ahA=="],

    "get-caller-file": ["get-caller-file@2.0.5", "", {}, "sha512-DyFP3BM/3YHTQOCUL/w0OZHR0lpKeGrxotcHWcqNEdnltqFwXVfhEBQ94eIo34AfQpo0rGki4cyIiftY06h2Fg=="],

    "get-east-asian-width": ["get-east-asian-width@1.4.0", "", {}, "sha512-QZjmEOC+IT1uk6Rx0sX22V6uHWVwbdbxf1faPqJ1QhLdGgsRGCZoyaQBm/piRdJy/D2um6hM1UP7ZEeQ4EkP+Q=="],

    "handlebars": ["handlebars@4.7.8", "", { "dependencies": { "minimist": "^1.2.5", "neo-async": "^2.6.2", "source-map": "^0.6.1", "wordwrap": "^1.0.0" }, "optionalDependencies": { "uglify-js": "^3.1.4" }, "bin": { "handlebars": "bin/handlebars" } }, "sha512-vafaFqs8MZkRrSX7sFVUdo3ap/eNiLnb4IakshzvP56X5Nr1iGKAIqdX6tMlm6HcNRIkr6AxO5jFEoJzzpT8aQ=="],

    "hono": ["hono@4.9.12", "", {}, "sha512-SrTC0YxqPwnN7yKa8gg/giLyQ2pILCKoideIHbYbFQlWZjYt68D2A4Ae1hehO/aDQ6RmTcpqOV/O2yBtMzx/VQ=="],

    "is-fullwidth-code-point": ["is-fullwidth-code-point@3.0.0", "", {}, "sha512-zymm5+u+sCsSWyD9qNaejV3DFvhCKclKdizYaJUuHA83RLjb7nSuGnddCHGv0hk+KY7BMAlsWeK4Ueg6EV6XQg=="],

    "is-interactive": ["is-interactive@2.0.0", "", {}, "sha512-qP1vozQRI+BMOPcjFzrjXuQvdak2pHNUMZoeG2eRbiSqyvbEf/wQtEOTOX1guk6E3t36RkaqiSt8A/6YElNxLQ=="],

    "is-unicode-supported": ["is-unicode-supported@2.1.0", "", {}, "sha512-mE00Gnza5EEB3Ds0HfMyllZzbBrmLOX3vfWoj9A9PEnTfratQ/BcaJOuMhnkhjXvb2+FkY3VuHqtAGpTPmglFQ=="],

    "isows": ["isows@1.0.7", "", { "peerDependencies": { "ws": "*" } }, "sha512-I1fSfDCZL5P0v33sVqeTDSpcstAg/N+wF5HS033mogOVIp4B+oHC7oOCsA3axAbBSGTJ8QubbNmnIRN/h8U7hg=="],

    "log-symbols": ["log-symbols@6.0.0", "", { "dependencies": { "chalk": "^5.3.0", "is-unicode-supported": "^1.3.0" } }, "sha512-i24m8rpwhmPIS4zscNzK6MSEhk0DUWa/8iYQWxhffV8jkI4Phvs3F+quL5xvS0gdQR0FyTCMMH33Y78dDTzzIw=="],

    "mimic-function": ["mimic-function@5.0.1", "", {}, "sha512-VP79XUPxV2CigYP3jWwAUFSku2aKqBH7uTAapFWCBqutsbmDo96KY5o8uh6U+/YSIn5OxJnXp73beVkpqMIGhA=="],

    "minimist": ["minimist@1.2.8", "", {}, "sha512-2yyAR8qBkN3YuheJanUpWC5U3bb5osDywNB8RzDVlDwDHbocAJveqqj1u8+SVD7jkWT4yvsHCpWqqWqAxb0zCA=="],

    "neo-async": ["neo-async@2.6.2", "", {}, "sha512-Yd3UES5mWCSqR+qNT93S3UoYUkqAZ9lLg8a7g9rimsWmYGK8cVToA4/sF3RrshdyV3sAGMXVUmpMYOw+dLpOuw=="],

    "onetime": ["onetime@7.0.0", "", { "dependencies": { "mimic-function": "^5.0.0" } }, "sha512-VXJjc87FScF88uafS3JllDgvAm+c/Slfz06lorj2uAY34rlUu0Nt+v8wreiImcrgAjjIHp1rXpTDlLOGw29WwQ=="],

    "ora": ["ora@8.2.0", "", { "dependencies": { "chalk": "^5.3.0", "cli-cursor": "^5.0.0", "cli-spinners": "^2.9.2", "is-interactive": "^2.0.0", "is-unicode-supported": "^2.0.0", "log-symbols": "^6.0.0", "stdin-discarder": "^0.2.2", "string-width": "^7.2.0", "strip-ansi": "^7.1.0" } }, "sha512-weP+BZ8MVNnlCm8c0Qdc1WSWq4Qn7I+9CJGm7Qali6g44e/PUzbjNqJX5NJ9ljlNMosfJvg1fKEGILklK9cwnw=="],

    "ox": ["ox@0.9.6", "", { "dependencies": { "@adraffy/ens-normalize": "^1.11.0", "@noble/ciphers": "^1.3.0", "@noble/curves": "1.9.1", "@noble/hashes": "^1.8.0", "@scure/bip32": "^1.7.0", "@scure/bip39": "^1.6.0", "abitype": "^1.0.9", "eventemitter3": "5.0.1" }, "peerDependencies": { "typescript": ">=5.4.0" }, "optionalPeers": ["typescript"] }, "sha512-8SuCbHPvv2eZLYXrNmC0EC12rdzXQLdhnOMlHDW2wiCPLxBrOOJwX5L5E61by+UjTPOryqQiRSnjIKCI+GykKg=="],

    "prettier": ["prettier@3.6.2", "", { "bin": { "prettier": "bin/prettier.cjs" } }, "sha512-I7AIg5boAr5R0FFtJ6rCfD+LFsWHp81dolrFD8S79U9tb8Az2nGrJncnMSnys+bpQJfRUzqs9hnA81OAA3hCuQ=="],

    "require-directory": ["require-directory@2.1.1", "", {}, "sha512-fGxEI7+wsG9xrvdjsrlmL22OMTTiHRwAMroiEeMgq8gzoLC/PQr7RsRDSTLUg/bZAZtF+TVIkHc6/4RIKrui+Q=="],

    "restore-cursor": ["restore-cursor@5.1.0", "", { "dependencies": { "onetime": "^7.0.0", "signal-exit": "^4.1.0" } }, "sha512-oMA2dcrw6u0YfxJQXm342bFKX/E4sG9rbTzO9ptUcR/e8A33cHuvStiYOwH7fszkZlZ1z/ta9AAoPk2F4qIOHA=="],

    "signal-exit": ["signal-exit@4.1.0", "", {}, "sha512-bzyZ1e88w9O1iNJbKnOlvYTrWPDl46O1bG0D3XInv+9tkPrxrN8jUUTiFlDkkmKWgn1M6CfIA13SuGqOa9Korw=="],

    "smoldot": ["smoldot@2.0.39", "", { "dependencies": { "ws": "^8.8.1" } }, "sha512-yFMSzI6nkqWFTNao99lBA/TguUFU+bR3A5UGTDd/QqqB12jqzvZnmW/No6l2rKmagt8Qx/KybMNowV/E28znhA=="],

    "source-map": ["source-map@0.6.1", "", {}, "sha512-UjgapumWlbMhkBgzT7Ykc5YXUT46F0iKu8SGXq0bcwP5dz/h0Plj6enJqjz1Zbq2l5WaqYnrVbwWOWMyF3F47g=="],

    "stdin-discarder": ["stdin-discarder@0.2.2", "", {}, "sha512-UhDfHmA92YAlNnCfhmq0VeNL5bDbiZGg7sZ2IvPsXubGkiNa9EC+tUTsjBRsYUAz87btI6/1wf4XoVvQ3uRnmQ=="],

    "string-width": ["string-width@7.2.0", "", { "dependencies": { "emoji-regex": "^10.3.0", "get-east-asian-width": "^1.0.0", "strip-ansi": "^7.1.0" } }, "sha512-tsaTIkKW9b4N+AEj+SVA+WhJzV7/zMhcSu78mLKWSk7cXMOSHsBKFWUs0fWwq8QyK3MgJBQRX6Gbi4kYbdvGkQ=="],

    "strip-ansi": ["strip-ansi@7.1.2", "", { "dependencies": { "ansi-regex": "^6.0.1" } }, "sha512-gmBGslpoQJtgnMAvOVqGZpEz9dyoKTCzy2nfz/n8aIFhN/jCE/rCmcxabB6jOOHV+0WNnylOxaxBQPSvcWklhA=="],

    "tslib": ["tslib@2.8.1", "", {}, "sha512-oJFu94HQb+KVduSUQL7wnpmqnfmLsOA/nAh6b6EH0wCEoK0/mPeXU6c3wKDV83MkOuHPRHtSXKKU99IBazS/2w=="],

    "uglify-js": ["uglify-js@3.19.3", "", { "bin": { "uglifyjs": "bin/uglifyjs" } }, "sha512-v3Xu+yuwBXisp6QYTcH4UbH+xYJXqnq2m/LtQVWKWzYc1iehYnLixoQDN9FH6/j9/oybfd6W9Ghwkl8+UMKTKQ=="],

    "undici-types": ["undici-types@7.14.0", "", {}, "sha512-QQiYxHuyZ9gQUIrmPo3IA+hUl4KYk8uSA7cHrcKd/l3p1OTpZcM0Tbp9x7FAtXdAYhlasd60ncPpgu6ihG6TOA=="],

    "viem": ["viem@2.38.2", "", { "dependencies": { "@noble/curves": "1.9.1", "@noble/hashes": "1.8.0", "@scure/bip32": "1.7.0", "@scure/bip39": "1.6.0", "abitype": "1.1.0", "isows": "1.0.7", "ox": "0.9.6", "ws": "8.18.3" }, "peerDependencies": { "typescript": ">=5.0.4" }, "optionalPeers": ["typescript"] }, "sha512-MJDiTDD9gfOT7lPQRimdmw+g46hU/aWJ3loqb+tN6UBOO00XEd0O4LJx+Kp5/uCRnMlJr8zJ1bNzCK7eG6gMjg=="],

    "wordwrap": ["wordwrap@1.0.0", "", {}, "sha512-gvVzJFlPycKc5dZN4yPkP8w7Dc37BtP1yczEneOb4uq34pXZcvrtRTmWV8W+Ume+XCxKgbjM+nevkyFPMybd4Q=="],

    "wrap-ansi": ["wrap-ansi@7.0.0", "", { "dependencies": { "ansi-styles": "^4.0.0", "string-width": "^4.1.0", "strip-ansi": "^6.0.0" } }, "sha512-YVGIj2kamLSTxw6NsZjoBxfSwsn0ycdesmc4p+Q21c5zPuZ1pl+NfxVdxPtdHvmNVOQ6XSYG4AUtyt/Fi7D16Q=="],

    "ws": ["ws@8.18.3", "", { "peerDependencies": { "bufferutil": "^4.0.1", "utf-8-validate": ">=5.0.2" }, "optionalPeers": ["bufferutil", "utf-8-validate"] }, "sha512-PEIGCY5tSlUt50cqyMXfCzX+oOPqN0vuGqWzbcJ2xvnkzkq46oOpz7dQaTDBdfICb4N14+GARUDw2XV2N4tvzg=="],

    "y18n": ["y18n@5.0.8", "", {}, "sha512-0pfFzegeDWJHJIAmTLRP2DwHjdF5s7jo9tuztdQxAhINCdvS+3nGINqPd00AphqJR/0LhANUS6/+7SCb98YOfA=="],

    "yargs": ["yargs@17.7.2", "", { "dependencies": { "cliui": "^8.0.1", "escalade": "^3.1.1", "get-caller-file": "^2.0.5", "require-directory": "^2.1.1", "string-width": "^4.2.3", "y18n": "^5.0.5", "yargs-parser": "^21.1.1" } }, "sha512-7dSzzRQ++CKnNI/krKnYRV7JKKPUXMEh61soaHKg9mrWEhzFWhFnxPxGl+69cD1Ou63C13NUPCnmIcrvqCuM6w=="],

    "yargs-parser": ["yargs-parser@21.1.1", "", {}, "sha512-tVpsJW7DdjecAiFpbIB1e3qxIQsE6NoPc5/eTdrbbIC4h0LVsWhnoa3g+m2HclBIujHzsxZ4VJVA+GUuc2/LBw=="],

    "cliui/string-width": ["string-width@4.2.3", "", { "dependencies": { "emoji-regex": "^8.0.0", "is-fullwidth-code-point": "^3.0.0", "strip-ansi": "^6.0.1" } }, "sha512-wKyQRQpjJ0sIp62ErSZdGsjMJWsap5oRNihHhu6G7JVO/9jIB6UyevL+tXuOqrng8j/cxKTWyWUwvSTriiZz/g=="],

    "cliui/strip-ansi": ["strip-ansi@6.0.1", "", { "dependencies": { "ansi-regex": "^5.0.1" } }, "sha512-Y38VPSHcqkFrCpFnQ9vuSXmquuv5oXOKpGeT6aGrr3o3Gc9AlVa6JBfUSOCnbxGGZF+/0ooI7KrPuUSztUdU5A=="],

    "log-symbols/is-unicode-supported": ["is-unicode-supported@1.3.0", "", {}, "sha512-43r2mRvz+8JRIKnWJ+3j8JtjRKZ6GmjzfaE/qiBJnikNnYv/6bagRJ1kUhNk8R5EX/GkobD+r+sfxCPJsiKBLQ=="],

    "wrap-ansi/string-width": ["string-width@4.2.3", "", { "dependencies": { "emoji-regex": "^8.0.0", "is-fullwidth-code-point": "^3.0.0", "strip-ansi": "^6.0.1" } }, "sha512-wKyQRQpjJ0sIp62ErSZdGsjMJWsap5oRNihHhu6G7JVO/9jIB6UyevL+tXuOqrng8j/cxKTWyWUwvSTriiZz/g=="],

    "wrap-ansi/strip-ansi": ["strip-ansi@6.0.1", "", { "dependencies": { "ansi-regex": "^5.0.1" } }, "sha512-Y38VPSHcqkFrCpFnQ9vuSXmquuv5oXOKpGeT6aGrr3o3Gc9AlVa6JBfUSOCnbxGGZF+/0ooI7KrPuUSztUdU5A=="],

    "yargs/string-width": ["string-width@4.2.3", "", { "dependencies": { "emoji-regex": "^8.0.0", "is-fullwidth-code-point": "^3.0.0", "strip-ansi": "^6.0.1" } }, "sha512-wKyQRQpjJ0sIp62ErSZdGsjMJWsap5oRNihHhu6G7JVO/9jIB6UyevL+tXuOqrng8j/cxKTWyWUwvSTriiZz/g=="],

    "cliui/string-width/emoji-regex": ["emoji-regex@8.0.0", "", {}, "sha512-MSjYzcWNOA0ewAHpz0MxpYFvwg6yjy1NG3xteoqz644VCo/RPgnr1/GGt+ic3iJTzQ8Eu3TdM14SawnVUmGE6A=="],

    "cliui/strip-ansi/ansi-regex": ["ansi-regex@5.0.1", "", {}, "sha512-quJQXlTSUGL2LH9SUXo8VwsY4soanhgo6LNSm84E1LBcE8s3O0wpdiRzyR9z/ZZJMlMWv37qOOb9pdJlMUEKFQ=="],

    "wrap-ansi/string-width/emoji-regex": ["emoji-regex@8.0.0", "", {}, "sha512-MSjYzcWNOA0ewAHpz0MxpYFvwg6yjy1NG3xteoqz644VCo/RPgnr1/GGt+ic3iJTzQ8Eu3TdM14SawnVUmGE6A=="],

    "wrap-ansi/strip-ansi/ansi-regex": ["ansi-regex@5.0.1", "", {}, "sha512-quJQXlTSUGL2LH9SUXo8VwsY4soanhgo6LNSm84E1LBcE8s3O0wpdiRzyR9z/ZZJMlMWv37qOOb9pdJlMUEKFQ=="],

    "yargs/string-width/emoji-regex": ["emoji-regex@8.0.0", "", {}, "sha512-MSjYzcWNOA0ewAHpz0MxpYFvwg6yjy1NG3xteoqz644VCo/RPgnr1/GGt+ic3iJTzQ8Eu3TdM14SawnVUmGE6A=="],

    "yargs/string-width/strip-ansi": ["strip-ansi@6.0.1", "", { "dependencies": { "ansi-regex": "^5.0.1" } }, "sha512-Y38VPSHcqkFrCpFnQ9vuSXmquuv5oXOKpGeT6aGrr3o3Gc9AlVa6JBfUSOCnbxGGZF+/0ooI7KrPuUSztUdU5A=="],

    "yargs/string-width/strip-ansi/ansi-regex": ["ansi-regex@5.0.1", "", {}, "sha512-quJQXlTSUGL2LH9SUXo8VwsY4soanhgo6LNSm84E1LBcE8s3O0wpdiRzyR9z/ZZJMlMWv37qOOb9pdJlMUEKFQ=="],
  }
}
